version: 1
generated_at: 2026-06-11T15:39:52Z
internal: []
trusted:
  - action: actions/cache
    refs:
      - v2
    occurrences:
      v2:
        .github/workflows/latest_conformance.yml:
          - jobs.latest-conformance-test.steps.[4].uses
        .github/workflows/main.yml:
          - jobs.test.steps.[3].uses
          - jobs.test.steps.[5].uses
          - jobs.conformance-test.steps.[2].uses
  - action: actions/checkout
    refs:
      - v2
    occurrences:
      v2:
        .github/workflows/latest_conformance.yml:
          - jobs.latest-conformance-test.steps.[0].uses
          - jobs.latest-conformance-test.steps.[3].uses
        .github/workflows/main.yml:
          - jobs.test.steps.[0].uses
          - jobs.conformance-test.steps.[0].uses
external:
  - action: arduino/setup-protoc
    refs:
      - 149f6c87b92550901b26acd1632e11c3662e381f
    occurrences:
      149f6c87b92550901b26acd1632e11c3662e381f:
        .github/workflows/main.yml:
          - jobs.test.steps.[1].uses
  - action: erlef/setup-beam
    refs:
      - fc68ffb90438ef2936bbb3251622353b3dcb2f93
    occurrences:
      fc68ffb90438ef2936bbb3251622353b3dcb2f93:
        .github/workflows/latest_conformance.yml:
          - jobs.latest-conformance-test.steps.[7].uses
        .github/workflows/main.yml:
          - jobs.test.steps.[2].uses
          - jobs.conformance-test.steps.[1].uses
local: []
docker: []
dynamic: []
