version: 1
generated_at: 2026-06-15T17:51:13Z
internal: []
trusted:
  - action: actions/cache
    refs:
      - 8492260343ad570701412c2f464a5877dc76bace
    occurrences:
      8492260343ad570701412c2f464a5877dc76bace:
        .github/workflows/latest_conformance.yml:
          - jobs.latest-conformance-test.steps.[4].uses
        .github/workflows/main.yml:
          - jobs.test.steps.[3].uses
          - jobs.test.steps.[5].uses
          - jobs.conformance-test.steps.[2].uses
  - action: actions/checkout
    refs:
      - ee0669bd1cc54295c223e0bb666b733df41de1c5
    occurrences:
      ee0669bd1cc54295c223e0bb666b733df41de1c5:
        .github/workflows/latest_conformance.yml:
          - jobs.latest-conformance-test.steps.[0].uses
          - jobs.latest-conformance-test.steps.[3].uses
        .github/workflows/main.yml:
          - jobs.test.steps.[0].uses
          - jobs.conformance-test.steps.[0].uses
external:
  - action: arduino/setup-protoc
    refs:
      - 149f6c87b92550901b26acd1632e11c3662e381f
    occurrences:
      149f6c87b92550901b26acd1632e11c3662e381f:
        .github/workflows/main.yml:
          - jobs.test.steps.[1].uses
  - action: erlef/setup-beam
    refs:
      - fc68ffb90438ef2936bbb3251622353b3dcb2f93
    occurrences:
      fc68ffb90438ef2936bbb3251622353b3dcb2f93:
        .github/workflows/latest_conformance.yml:
          - jobs.latest-conformance-test.steps.[7].uses
        .github/workflows/main.yml:
          - jobs.test.steps.[2].uses
          - jobs.conformance-test.steps.[1].uses
local: []
docker: []
dynamic: []
